{
  "nodes": {
    "android-nixpkgs": {
      "inputs": {
        "flake-utils": "flake-utils",
        "nixpkgs": [
          "nixpkgs"
        ]
      },
      "locked": {
        "lastModified": 1612124171,
        "narHash": "sha256-7lhqG0hKvWEYPZAxoBr16nAEJkHkhwEmgj39gWGAoCc=",
        "owner": "tadfisher",
        "repo": "android-nixpkgs",
        "rev": "8104c8ed7051421310c02c9693154ab8f055dcd4",
        "type": "github"
      },
      "original": {
        "owner": "tadfisher",
        "repo": "android-nixpkgs",
        "type": "github"
      }
    },
    "emacs-overlay": {
      "locked": {
        "lastModified": 1612124001,
        "narHash": "sha256-jUSKYlqTfsWzWzRAb4y9eMaRHVplXAbx+ghBtn4PY/E=",
        "owner": "nix-community",
        "repo": "emacs-overlay",
        "rev": "9b8c6dbe42212464d20bfa480bfb2bfff2be48da",
        "type": "github"
      },
      "original": {
        "owner": "nix-community",
        "repo": "emacs-overlay",
        "type": "github"
      }
    },
    "flake-compat": {
      "flake": false,
      "locked": {
        "lastModified": 1606424373,
        "narHash": "sha256-oq8d4//CJOrVj+EcOaSXvMebvuTkmBJuT5tzlfewUnQ=",
        "owner": "edolstra",
        "repo": "flake-compat",
        "rev": "99f1c2157fba4bfe6211a321fd0ee43199025dbf",
        "type": "github"
      },
      "original": {
        "owner": "edolstra",
        "repo": "flake-compat",
        "type": "github"
      }
    },
    "flake-utils": {
      "locked": {
        "lastModified": 1610051610,
        "narHash": "sha256-U9rPz/usA1/Aohhk7Cmc2gBrEEKRzcW4nwPWMPwja4Y=",
        "owner": "numtide",
        "repo": "flake-utils",
        "rev": "3982c9903e93927c2164caa727cd3f6a0e6d14cc",
        "type": "github"
      },
      "original": {
        "owner": "numtide",
        "repo": "flake-utils",
        "type": "github"
      }
    },
    "flake-utils_2": {
      "locked": {
        "lastModified": 1610051610,
        "narHash": "sha256-U9rPz/usA1/Aohhk7Cmc2gBrEEKRzcW4nwPWMPwja4Y=",
        "owner": "numtide",
        "repo": "flake-utils",
        "rev": "3982c9903e93927c2164caa727cd3f6a0e6d14cc",
        "type": "github"
      },
      "original": {
        "owner": "numtide",
        "repo": "flake-utils",
        "type": "github"
      }
    },
    "flake-utils_3": {
      "locked": {
        "lastModified": 1605370193,
        "narHash": "sha256-YyMTf3URDL/otKdKgtoMChu4vfVL3vCMkRqpGifhUn0=",
        "owner": "numtide",
        "repo": "flake-utils",
        "rev": "5021eac20303a61fafe17224c087f5519baed54d",
        "type": "github"
      },
      "original": {
        "owner": "numtide",
        "repo": "flake-utils",
        "type": "github"
      }
    },
    "home-manager": {
      "inputs": {
        "nixpkgs": [
          "nixpkgs"
        ]
      },
      "locked": {
        "lastModified": 1612092990,
        "narHash": "sha256-URLpFNVqrZ/Hectz04KXbtfSCW3muw8V08yKpCmoT4Y=",
        "owner": "nix-community",
        "repo": "home-manager",
        "rev": "df7d81b0b322c793f1b0e99f7a1e14d91b5312fb",
        "type": "github"
      },
      "original": {
        "owner": "nix-community",
        "repo": "home-manager",
        "type": "github"
      }
    },
    "nix-dart": {
      "inputs": {
        "flake-utils": "flake-utils_2",
        "nixpkgs": [
          "nixpkgs"
        ],
        "pub2nix": "pub2nix"
      },
      "locked": {
        "lastModified": 1611951014,
        "narHash": "sha256-Qpo/FZ35rEQaRvZCswhP2n0uM3iyZmF9yi3I2i4rCjQ=",
        "owner": "tadfisher",
        "repo": "nix-dart",
        "rev": "82a864ab428839ad031b432d3d93c9c403fd5cdf",
        "type": "github"
      },
      "original": {
        "owner": "tadfisher",
        "repo": "nix-dart",
        "type": "github"
      }
    },
    "nix-prefetch-github": {
      "inputs": {
        "flake-compat": "flake-compat",
        "flake-utils": "flake-utils_3",
        "nixpkgs": [
          "nixpkgs"
        ]
      },
      "locked": {
        "lastModified": 1611356279,
        "narHash": "sha256-rA+WnTLSduaE5dWpS0r2rhKaJAL8LfNB965iGkGf8z4=",
        "owner": "seppeljordan",
        "repo": "nix-prefetch-github",
        "rev": "f200182daf8b0c6281d89a05c557d204543ea45a",
        "type": "github"
      },
      "original": {
        "owner": "seppeljordan",
        "repo": "nix-prefetch-github",
        "type": "github"
      }
    },
    "nixos-hardware": {
      "locked": {
        "lastModified": 1611383797,
        "narHash": "sha256-FIpG2f4+d9UsXCogBTswoPjD/aWZ3dvV5TZjqlL4gyM=",
        "owner": "NixOS",
        "repo": "nixos-hardware",
        "rev": "a0d8383c422f85f37fccee5af74b1cb4b52287d9",
        "type": "github"
      },
      "original": {
        "owner": "NixOS",
        "repo": "nixos-hardware",
        "type": "github"
      }
    },
    "nixpkgs": {
      "locked": {
        "lastModified": 1611575689,
        "narHash": "sha256-z2rNP3zdVnGxp9iV2Rbn0/LLKhk47DZQKxDkpYFLI7M=",
        "owner": "NixOS",
        "repo": "nixpkgs",
        "rev": "891f607d5301d6730cb1f9dcf3618bcb1ab7f10e",
        "type": "github"
      },
      "original": {
        "owner": "NixOS",
        "ref": "nixos-unstable",
        "repo": "nixpkgs",
        "type": "github"
      }
    },
    "nur": {
      "locked": {
        "lastModified": 1612126801,
        "narHash": "sha256-eU9S6f2WNyangHb1Bn56c6AewigX4p7D5z9R56IatpA=",
        "owner": "nix-community",
        "repo": "NUR",
        "rev": "1d98d7b24e0b6c4e1962de3ae237acfd5e422442",
        "type": "github"
      },
      "original": {
        "owner": "nix-community",
        "repo": "NUR",
        "type": "github"
      }
    },
    "pub2nix": {
      "flake": false,
      "locked": {
        "lastModified": 1594192744,
        "narHash": "sha256-pDvcXSG1Mh2BpwkqAcNDJzcupV3pIAAtZJLfkiHMAz4=",
        "owner": "paulyoung",
        "repo": "pub2nix",
        "rev": "0c7ecca590fcd1616db8c6468f799ffef36c85e9",
        "type": "github"
      },
      "original": {
        "owner": "paulyoung",
        "repo": "pub2nix",
        "type": "github"
      }
    },
    "root": {
      "inputs": {
        "android-nixpkgs": "android-nixpkgs",
        "emacs-overlay": "emacs-overlay",
        "home-manager": "home-manager",
        "nix-dart": "nix-dart",
        "nix-prefetch-github": "nix-prefetch-github",
        "nixos-hardware": "nixos-hardware",
        "nixpkgs": "nixpkgs",
        "nur": "nur"
      }
    }
  },
  "root": "root",
  "version": 7
}
