{
  "nodes": {
    "android-nixpkgs": {
      "inputs": {
        "devshell": "devshell",
        "flake-utils": "flake-utils",
        "nixpkgs": [
          "nixpkgs"
        ]
      },
      "locked": {
        "lastModified": 1694377165,
        "narHash": "sha256-NeIlZIElbkbKaNK5SZv6ULcFT/UGIICb3q7GPpkf9jk=",
        "owner": "tadfisher",
        "repo": "android-nixpkgs",
        "rev": "b020dc733ee69393841a50cf94d45735d5a5a57a",
        "type": "github"
      },
      "original": {
        "owner": "tadfisher",
        "repo": "android-nixpkgs",
        "type": "github"
      }
    },
    "devshell": {
      "inputs": {
        "nixpkgs": [
          "android-nixpkgs",
          "nixpkgs"
        ],
        "systems": "systems"
      },
      "locked": {
        "lastModified": 1693833206,
        "narHash": "sha256-wHOY0nnD6gWj8u9uI85/YlsganYyWRK1hLFZulZwfmY=",
        "owner": "numtide",
        "repo": "devshell",
        "rev": "65114ea495a8d3cc1352368bf170d67ef005aa5a",
        "type": "github"
      },
      "original": {
        "owner": "numtide",
        "repo": "devshell",
        "type": "github"
      }
    },
    "emacs-overlay": {
      "inputs": {
        "flake-utils": "flake-utils_2",
        "nixpkgs": [
          "nixpkgs"
        ],
        "nixpkgs-stable": "nixpkgs-stable"
      },
      "locked": {
        "lastModified": 1694428058,
        "narHash": "sha256-gMg+baJlp5OWHmdMmF8RVyxlm72BKMKWNH4c9YVv6PI=",
        "owner": "nix-community",
        "repo": "emacs-overlay",
        "rev": "44e23c7e34d2db1aae968e2314bb65a410743c60",
        "type": "github"
      },
      "original": {
        "owner": "nix-community",
        "repo": "emacs-overlay",
        "type": "github"
      }
    },
    "firefox-gnome-theme": {
      "flake": false,
      "locked": {
        "lastModified": 1693843314,
        "narHash": "sha256-SnSXskFvJP1OMFuDdhuxxbFpQKzSz3YLJyoxWscmDSA=",
        "owner": "rafaelmardojai",
        "repo": "firefox-gnome-theme",
        "rev": "67cc89691b17bc09f110efa7fd6011c19d763597",
        "type": "github"
      },
      "original": {
        "owner": "rafaelmardojai",
        "repo": "firefox-gnome-theme",
        "type": "github"
      }
    },
    "flake-utils": {
      "inputs": {
        "systems": "systems_2"
      },
      "locked": {
        "lastModified": 1692799911,
        "narHash": "sha256-3eihraek4qL744EvQXsK1Ha6C3CR7nnT8X2qWap4RNk=",
        "owner": "numtide",
        "repo": "flake-utils",
        "rev": "f9e7cf818399d17d347f847525c5a5a8032e4e44",
        "type": "github"
      },
      "original": {
        "owner": "numtide",
        "repo": "flake-utils",
        "type": "github"
      }
    },
    "flake-utils_2": {
      "inputs": {
        "systems": "systems_3"
      },
      "locked": {
        "lastModified": 1692799911,
        "narHash": "sha256-3eihraek4qL744EvQXsK1Ha6C3CR7nnT8X2qWap4RNk=",
        "owner": "numtide",
        "repo": "flake-utils",
        "rev": "f9e7cf818399d17d347f847525c5a5a8032e4e44",
        "type": "github"
      },
      "original": {
        "owner": "numtide",
        "repo": "flake-utils",
        "type": "github"
      }
    },
    "flake-utils_3": {
      "locked": {
        "lastModified": 1649676176,
        "narHash": "sha256-OWKJratjt2RW151VUlJPRALb7OU2S5s+f0vLj4o1bHM=",
        "owner": "numtide",
        "repo": "flake-utils",
        "rev": "a4b154ebbdc88c8498a5c7b01589addc9e9cb678",
        "type": "github"
      },
      "original": {
        "owner": "numtide",
        "repo": "flake-utils",
        "type": "github"
      }
    },
    "flake-utils_4": {
      "inputs": {
        "systems": "systems_4"
      },
      "locked": {
        "lastModified": 1692799911,
        "narHash": "sha256-3eihraek4qL744EvQXsK1Ha6C3CR7nnT8X2qWap4RNk=",
        "owner": "numtide",
        "repo": "flake-utils",
        "rev": "f9e7cf818399d17d347f847525c5a5a8032e4e44",
        "type": "github"
      },
      "original": {
        "owner": "numtide",
        "repo": "flake-utils",
        "type": "github"
      }
    },
    "flake-utils_5": {
      "inputs": {
        "systems": "systems_5"
      },
      "locked": {
        "lastModified": 1687709756,
        "narHash": "sha256-Y5wKlQSkgEK2weWdOu4J3riRd+kV/VCgHsqLNTTWQ/0=",
        "owner": "numtide",
        "repo": "flake-utils",
        "rev": "dbabf0ca0c0c4bce6ea5eaf65af5cb694d2082c7",
        "type": "github"
      },
      "original": {
        "owner": "numtide",
        "repo": "flake-utils",
        "type": "github"
      }
    },
    "hidviz": {
      "flake": false,
      "locked": {
        "lastModified": 1679998702,
        "narHash": "sha256-03esKPmSEoSyylkFNmwSytkBivyKgyxaJ2bwJFHMbVg=",
        "owner": "ondrejbudai",
        "repo": "hidviz",
        "rev": "31b2bcc76ea9a5f460befd4859ae504e8fe04bf2",
        "type": "github"
      },
      "original": {
        "owner": "ondrejbudai",
        "repo": "hidviz",
        "type": "github"
      }
    },
    "home-manager": {
      "inputs": {
        "nixpkgs": [
          "nixpkgs"
        ]
      },
      "locked": {
        "lastModified": 1694375657,
        "narHash": "sha256-32X8dcty4vPXx+D4yJPQZBo5hJ1NQikALhevGv6elO4=",
        "owner": "nix-community",
        "repo": "home-manager",
        "rev": "f7848d3e5f15ed02e3f286029697e41ee31662d7",
        "type": "github"
      },
      "original": {
        "owner": "nix-community",
        "repo": "home-manager",
        "type": "github"
      }
    },
    "jetbrains-jdk": {
      "flake": false,
      "locked": {
        "lastModified": 1641132454,
        "narHash": "sha256-hP7fNx43wnnd3BsBQh1Z1n4KtgQJEhBorYUA3VaKGnI=",
        "owner": "Jetbrains",
        "repo": "JetBrainsRuntime",
        "rev": "dc8888f2e085fcb387638994627c2e5e8e66bb33",
        "type": "github"
      },
      "original": {
        "owner": "Jetbrains",
        "repo": "JetBrainsRuntime",
        "rev": "dc8888f2e085fcb387638994627c2e5e8e66bb33",
        "type": "github"
      }
    },
    "jextract": {
      "flake": false,
      "locked": {
        "lastModified": 1681478879,
        "narHash": "sha256-8qRD1Xg39vxtFAdguD8XvkQ8u7YzFU55MhyyJozVffo=",
        "owner": "openjdk",
        "repo": "jextract",
        "rev": "cf3afe9ca71592c8ebb32f219707285dd1d5b28a",
        "type": "github"
      },
      "original": {
        "owner": "openjdk",
        "repo": "jextract",
        "type": "github"
      }
    },
    "libhidx": {
      "flake": false,
      "locked": {
        "lastModified": 1678919461,
        "narHash": "sha256-Aos0eX+LNTto0HCsYu3ZjaMM2PRe2mb6VKKNcH9F5U4=",
        "owner": "ondrejbudai",
        "repo": "libhidx",
        "rev": "5c7aea3bbcc3600831a509fa371cf825ee516f63",
        "type": "github"
      },
      "original": {
        "owner": "ondrejbudai",
        "repo": "libhidx",
        "type": "github"
      }
    },
    "ligature-el": {
      "flake": false,
      "locked": {
        "lastModified": 1690887413,
        "narHash": "sha256-vmUWt7HcdaaM/lmyKJgEEPn/6xh+75TzMckl8ohCjI4=",
        "owner": "mickeynp",
        "repo": "ligature.el",
        "rev": "0e5d0a8554622bcb0ec634e364795650ff4f2457",
        "type": "github"
      },
      "original": {
        "owner": "mickeynp",
        "repo": "ligature.el",
        "type": "github"
      }
    },
    "mutter": {
      "flake": false,
      "locked": {
        "lastModified": 1692603801,
        "narHash": "sha256-2MTFr2TP09PL33iYUMKuEa+AhjbGJII218PNyvxfoM0=",
        "ref": "triple-buffering-v4-43",
        "rev": "b6d4b5bade286b2d3b6d2d9faa348574ad87503d",
        "revCount": 29512,
        "type": "git",
        "url": "https://gitlab.gnome.org/Community/Ubuntu/mutter.git"
      },
      "original": {
        "ref": "triple-buffering-v4-43",
        "type": "git",
        "url": "https://gitlab.gnome.org/Community/Ubuntu/mutter.git"
      }
    },
    "nix-dart": {
      "inputs": {
        "flake-utils": "flake-utils_3",
        "nixpkgs": [
          "nixpkgs"
        ],
        "pub2nix": "pub2nix"
      },
      "locked": {
        "lastModified": 1652213615,
        "narHash": "sha256-+eehm2JlhoKgY+Ea4DTxDMei/x4Fgz7S+ZPqWpZysuI=",
        "owner": "tadfisher",
        "repo": "nix-dart",
        "rev": "6f686ddf984306d944e9b5adf9f35f3a0a0a70b7",
        "type": "github"
      },
      "original": {
        "owner": "tadfisher",
        "repo": "nix-dart",
        "type": "github"
      }
    },
    "nix-direnv": {
      "inputs": {
        "flake-utils": "flake-utils_4",
        "nixpkgs": [
          "nixpkgs"
        ]
      },
      "locked": {
        "lastModified": 1694430262,
        "narHash": "sha256-dR7cnwsS8njiLtVqqczhHjnAZD1J+htHZoRpjrznSSA=",
        "owner": "nix-community",
        "repo": "nix-direnv",
        "rev": "91cc4c9bca3db894dcfcec733aee1c90718c39f6",
        "type": "github"
      },
      "original": {
        "owner": "nix-community",
        "repo": "nix-direnv",
        "type": "github"
      }
    },
    "nix-prefetch-github": {
      "inputs": {
        "flake-utils": "flake-utils_5",
        "nixpkgs": [
          "nixpkgs"
        ],
        "nixpkgs-stable": "nixpkgs-stable_2"
      },
      "locked": {
        "lastModified": 1688897161,
        "narHash": "sha256-qaDF4tsw924OQabYF2FrelStpQ6cXW9G2eD+XX9zy+8=",
        "owner": "seppeljordan",
        "repo": "nix-prefetch-github",
        "rev": "c2da1e1a6fb379285a34ca6458f01f372e28a24e",
        "type": "github"
      },
      "original": {
        "owner": "seppeljordan",
        "repo": "nix-prefetch-github",
        "type": "github"
      }
    },
    "nixos-hardware": {
      "locked": {
        "lastModified": 1694432324,
        "narHash": "sha256-bo3Gv6Cp40vAXDBPi2XiDejzp/kyz65wZg4AnEWxAcY=",
        "owner": "NixOS",
        "repo": "nixos-hardware",
        "rev": "ca41b8a227dd235b1b308217f116c7e6e84ad779",
        "type": "github"
      },
      "original": {
        "owner": "NixOS",
        "repo": "nixos-hardware",
        "type": "github"
      }
    },
    "nixpkgs": {
      "locked": {
        "lastModified": 1694183432,
        "narHash": "sha256-YyPGNapgZNNj51ylQMw9lAgvxtM2ai1HZVUu3GS8Fng=",
        "owner": "NixOS",
        "repo": "nixpkgs",
        "rev": "db9208ab987cdeeedf78ad9b4cf3c55f5ebd269b",
        "type": "github"
      },
      "original": {
        "owner": "NixOS",
        "ref": "nixos-unstable",
        "repo": "nixpkgs",
        "type": "github"
      }
    },
    "nixpkgs-stable": {
      "locked": {
        "lastModified": 1694304580,
        "narHash": "sha256-5tIpNodDpEKT8mM/F5zCzWEAnidOg8eb1/x3SRaaBLs=",
        "owner": "NixOS",
        "repo": "nixpkgs",
        "rev": "4c8cf44c5b9481a4f093f1df3b8b7ba997a7c760",
        "type": "github"
      },
      "original": {
        "owner": "NixOS",
        "ref": "nixos-23.05",
        "repo": "nixpkgs",
        "type": "github"
      }
    },
    "nixpkgs-stable_2": {
      "locked": {
        "lastModified": 1688594934,
        "narHash": "sha256-3dUo20PsmUd57jVZRx5vgKyIN1tv+v/JQweZsve5q/A=",
        "owner": "NixOS",
        "repo": "nixpkgs",
        "rev": "e11142026e2cef35ea52c9205703823df225c947",
        "type": "github"
      },
      "original": {
        "owner": "NixOS",
        "ref": "nixos-23.05",
        "repo": "nixpkgs",
        "type": "github"
      }
    },
    "notmuch-notify": {
      "flake": false,
      "locked": {
        "lastModified": 1597201804,
        "narHash": "sha256-ZOTB3sXrflSiPQeCyWYMEnmUMp95vG4vJbCt5sPh2Ck=",
        "ref": "trunk",
        "rev": "97dbf4d1d58f611978fe8460b9fe9cd5514eb1a3",
        "revCount": 2,
        "type": "git",
        "url": "https://git.celti.name/Celti/notmuch-notify"
      },
      "original": {
        "ref": "trunk",
        "type": "git",
        "url": "https://git.celti.name/Celti/notmuch-notify"
      }
    },
    "paperwm": {
      "flake": false,
      "locked": {
        "lastModified": 1694437102,
        "narHash": "sha256-PAvOTTko/amwvGOdn3U4UcXEE5zl05wdLrXwvuVSZIQ=",
        "owner": "paperwm",
        "repo": "PaperWM",
        "rev": "cdfca9ed63ea3d5d064c30bc71fb822a204ea4d3",
        "type": "github"
      },
      "original": {
        "owner": "paperwm",
        "ref": "develop",
        "repo": "PaperWM",
        "type": "github"
      }
    },
    "pass-audit": {
      "flake": false,
      "locked": {
        "lastModified": 1668359527,
        "narHash": "sha256-uf5f6ZT8kMUeMF6hhTjs4sfuLrmQMDozUF1xlItu4a8=",
        "owner": "roddhjav",
        "repo": "pass-audit",
        "rev": "07945e5ec7b4e38f6bf865ba9555ba0005943090",
        "type": "github"
      },
      "original": {
        "owner": "roddhjav",
        "repo": "pass-audit",
        "type": "github"
      }
    },
    "portmod": {
      "flake": false,
      "locked": {
        "lastModified": 1671838487,
        "narHash": "sha256-66aWbuzRTAFHIrPu7pGvfnATb8oxpAgSBW1ArEew3eI=",
        "owner": "portmod",
        "repo": "portmod",
        "rev": "680592de887e3642f1ea42b9d5f03222f5d6b742",
        "type": "gitlab"
      },
      "original": {
        "owner": "portmod",
        "ref": "v2.5.0",
        "repo": "portmod",
        "type": "gitlab"
      }
    },
    "pub2nix": {
      "flake": false,
      "locked": {
        "lastModified": 1594192744,
        "narHash": "sha256-pDvcXSG1Mh2BpwkqAcNDJzcupV3pIAAtZJLfkiHMAz4=",
        "owner": "paulyoung",
        "repo": "pub2nix",
        "rev": "0c7ecca590fcd1616db8c6468f799ffef36c85e9",
        "type": "github"
      },
      "original": {
        "owner": "paulyoung",
        "repo": "pub2nix",
        "type": "github"
      }
    },
    "root": {
      "inputs": {
        "android-nixpkgs": "android-nixpkgs",
        "emacs-overlay": "emacs-overlay",
        "firefox-gnome-theme": "firefox-gnome-theme",
        "hidviz": "hidviz",
        "home-manager": "home-manager",
        "jetbrains-jdk": "jetbrains-jdk",
        "jextract": "jextract",
        "libhidx": "libhidx",
        "ligature-el": "ligature-el",
        "mutter": "mutter",
        "nix-dart": "nix-dart",
        "nix-direnv": "nix-direnv",
        "nix-prefetch-github": "nix-prefetch-github",
        "nixos-hardware": "nixos-hardware",
        "nixpkgs": "nixpkgs",
        "notmuch-notify": "notmuch-notify",
        "paperwm": "paperwm",
        "pass-audit": "pass-audit",
        "portmod": "portmod",
        "rycee": "rycee",
        "sedcli": "sedcli",
        "vertical-overview": "vertical-overview"
      }
    },
    "rycee": {
      "flake": false,
      "locked": {
        "lastModified": 1694205128,
        "narHash": "sha256-JfSO61vzeZEtk+2vQUvBgDeiywGSkHBq7JmKpUCFzZ0=",
        "owner": "rycee",
        "repo": "nur-expressions",
        "rev": "2ef7a61cd972e56b31d007a47ae7147856e75888",
        "type": "gitlab"
      },
      "original": {
        "owner": "rycee",
        "repo": "nur-expressions",
        "type": "gitlab"
      }
    },
    "sedcli": {
      "flake": false,
      "locked": {
        "lastModified": 1684357404,
        "narHash": "sha256-Ip0obgBCkDRNyigRe27R2MfXr/RpxVB4XpmWn6u9R7E=",
        "owner": "gjoyce-ibm",
        "repo": "sedcli",
        "rev": "32f91223224ca5460a96829440faa3797675ffd7",
        "type": "github"
      },
      "original": {
        "owner": "gjoyce-ibm",
        "ref": "kernel-keyring",
        "repo": "sedcli",
        "type": "github"
      }
    },
    "systems": {
      "locked": {
        "lastModified": 1681028828,
        "narHash": "sha256-Vy1rq5AaRuLzOxct8nz4T6wlgyUR7zLU309k9mBC768=",
        "owner": "nix-systems",
        "repo": "default",
        "rev": "da67096a3b9bf56a91d16901293e51ba5b49a27e",
        "type": "github"
      },
      "original": {
        "owner": "nix-systems",
        "repo": "default",
        "type": "github"
      }
    },
    "systems_2": {
      "locked": {
        "lastModified": 1681028828,
        "narHash": "sha256-Vy1rq5AaRuLzOxct8nz4T6wlgyUR7zLU309k9mBC768=",
        "owner": "nix-systems",
        "repo": "default",
        "rev": "da67096a3b9bf56a91d16901293e51ba5b49a27e",
        "type": "github"
      },
      "original": {
        "owner": "nix-systems",
        "repo": "default",
        "type": "github"
      }
    },
    "systems_3": {
      "locked": {
        "lastModified": 1681028828,
        "narHash": "sha256-Vy1rq5AaRuLzOxct8nz4T6wlgyUR7zLU309k9mBC768=",
        "owner": "nix-systems",
        "repo": "default",
        "rev": "da67096a3b9bf56a91d16901293e51ba5b49a27e",
        "type": "github"
      },
      "original": {
        "owner": "nix-systems",
        "repo": "default",
        "type": "github"
      }
    },
    "systems_4": {
      "locked": {
        "lastModified": 1681028828,
        "narHash": "sha256-Vy1rq5AaRuLzOxct8nz4T6wlgyUR7zLU309k9mBC768=",
        "owner": "nix-systems",
        "repo": "default",
        "rev": "da67096a3b9bf56a91d16901293e51ba5b49a27e",
        "type": "github"
      },
      "original": {
        "owner": "nix-systems",
        "repo": "default",
        "type": "github"
      }
    },
    "systems_5": {
      "locked": {
        "lastModified": 1681028828,
        "narHash": "sha256-Vy1rq5AaRuLzOxct8nz4T6wlgyUR7zLU309k9mBC768=",
        "owner": "nix-systems",
        "repo": "default",
        "rev": "da67096a3b9bf56a91d16901293e51ba5b49a27e",
        "type": "github"
      },
      "original": {
        "owner": "nix-systems",
        "repo": "default",
        "type": "github"
      }
    },
    "vertical-overview": {
      "flake": false,
      "locked": {
        "lastModified": 1669380352,
        "narHash": "sha256-jz6VizdKybmvmJ2wiO+1Z99dlKiTS8DkqwdZb1HatUI=",
        "owner": "RensAlthuis",
        "repo": "vertical-overview",
        "rev": "be16ea85262e917f612e9e5e986db4492a6490ba",
        "type": "github"
      },
      "original": {
        "owner": "RensAlthuis",
        "repo": "vertical-overview",
        "type": "github"
      }
    }
  },
  "root": "root",
  "version": 7
}
