{
  "nodes": {
    "android-nixpkgs": {
      "inputs": {
        "devshell": "devshell",
        "flake-utils": "flake-utils",
        "nixpkgs": [
          "nixpkgs"
        ]
      },
      "locked": {
        "lastModified": 1637526003,
        "narHash": "sha256-owlH2D4oaHQilqPcuDdCCCIez3Q1hvxlaHXnYqgi1xs=",
        "owner": "tadfisher",
        "repo": "android-nixpkgs",
        "rev": "6d078469fb270c62cf3d6a8319ee5e1844889d31",
        "type": "github"
      },
      "original": {
        "owner": "tadfisher",
        "repo": "android-nixpkgs",
        "type": "github"
      }
    },
    "dash-to-panel": {
      "flake": false,
      "locked": {
        "lastModified": 1636633181,
        "narHash": "sha256-t6zZgJ+orYJRBkcCG2LXt5AmeEacYrfg4Bw9uZ7uUVs=",
        "owner": "home-sweet-gnome",
        "repo": "dash-to-panel",
        "rev": "9e541b94a230c85816264fd715aa12a3b3873c5c",
        "type": "github"
      },
      "original": {
        "owner": "home-sweet-gnome",
        "repo": "dash-to-panel",
        "type": "github"
      }
    },
    "devshell": {
      "locked": {
        "lastModified": 1636119665,
        "narHash": "sha256-e11Z9PyH9hdgTm4Vyl8S5iTwrv0um6+srzb1Ba+YUHA=",
        "owner": "numtide",
        "repo": "devshell",
        "rev": "ab14b1a3cb253f58e02f5f849d621292fbf81fad",
        "type": "github"
      },
      "original": {
        "owner": "numtide",
        "repo": "devshell",
        "type": "github"
      }
    },
    "emacs-flake": {
      "inputs": {
        "emacs-git": "emacs-git",
        "emacs-pgtk": "emacs-pgtk",
        "emacs-pgtk-nativecomp": "emacs-pgtk-nativecomp",
        "emacs-unstable": "emacs-unstable",
        "exwm": "exwm",
        "flake-compat": "flake-compat",
        "flake-utils": "flake-utils_2",
        "gitignore.nix": "gitignore.nix",
        "nixpkgs": "nixpkgs",
        "pre-commit-hooks.nix": "pre-commit-hooks.nix",
        "xelb": "xelb"
      },
      "locked": {
        "lastModified": 1634377215,
        "narHash": "sha256-5Yjb71xJgWgfVBnoSiPgOCh/2MUItrMhIaNtel9FSEc=",
        "owner": "mjlbach",
        "repo": "emacs-overlay",
        "rev": "ba2cc4699bcb230cb39c02e8d1369c008a47ad68",
        "type": "github"
      },
      "original": {
        "owner": "mjlbach",
        "repo": "emacs-overlay",
        "type": "github"
      }
    },
    "emacs-git": {
      "flake": false,
      "locked": {
        "lastModified": 1634357223,
        "narHash": "sha256-oDfFgUmntbw6zNQsVHhvVQhKlvLwaL4QhOP/Pw4jArY=",
        "owner": "emacs-mirror",
        "repo": "emacs",
        "rev": "e4b99f24f8e8e63cf3d3c1da47d5dc1e6dda61bb",
        "type": "github"
      },
      "original": {
        "owner": "emacs-mirror",
        "repo": "emacs",
        "type": "github"
      }
    },
    "emacs-overlay": {
      "locked": {
        "lastModified": 1637601973,
        "narHash": "sha256-FGSCh1RoukoEACBvyOcKSrvG4pHJj+RbPo7crGa1qTQ=",
        "owner": "nix-community",
        "repo": "emacs-overlay",
        "rev": "c7f51932424258572ab6790c3250384c8524a4c8",
        "type": "github"
      },
      "original": {
        "owner": "nix-community",
        "repo": "emacs-overlay",
        "type": "github"
      }
    },
    "emacs-pgtk": {
      "flake": false,
      "locked": {
        "lastModified": 1606038698,
        "narHash": "sha256-zNk5JrwQMsS/tve+F8iPybRl3GYJPO0/hVuldRI7x7A=",
        "owner": "masm11",
        "repo": "emacs",
        "rev": "3df4ca451d41a5f1036713277ef55ca9734c6fa7",
        "type": "github"
      },
      "original": {
        "owner": "masm11",
        "ref": "pgtk",
        "repo": "emacs",
        "type": "github"
      }
    },
    "emacs-pgtk-nativecomp": {
      "flake": false,
      "locked": {
        "lastModified": 1633996091,
        "narHash": "sha256-8UxuFdxaSeD3UF1GhlbQmBKFTS/LOSYmnC57PaVrcm4=",
        "owner": "flatwhatson",
        "repo": "emacs",
        "rev": "014fe9963f127a9bff3dfe06204977cb1d49b541",
        "type": "github"
      },
      "original": {
        "owner": "flatwhatson",
        "ref": "pgtk-nativecomp",
        "repo": "emacs",
        "type": "github"
      }
    },
    "emacs-unstable": {
      "flake": false,
      "locked": {
        "lastModified": 1631415316,
        "narHash": "sha256-3fBNW/TDlgQk6EQvazOCKXj4X6RFZG27nhfXOYequkU=",
        "owner": "emacs-mirror",
        "repo": "emacs",
        "rev": "d7f4cc0974645cc6a295740afe85c6e21d956119",
        "type": "github"
      },
      "original": {
        "owner": "emacs-mirror",
        "ref": "emacs-27",
        "repo": "emacs",
        "type": "github"
      }
    },
    "exwm": {
      "flake": false,
      "locked": {
        "lastModified": 1594512000,
        "narHash": "sha256-PHMHtTbKpKtFGGGtMh2SbKoK+8avh3CiDeW5jXP+TDM=",
        "owner": "ch11ng",
        "repo": "exwm",
        "rev": "0368127976bda29d35eed788edfe74644ecd3845",
        "type": "github"
      },
      "original": {
        "owner": "ch11ng",
        "repo": "exwm",
        "type": "github"
      }
    },
    "flake-compat": {
      "flake": false,
      "locked": {
        "lastModified": 1627913399,
        "narHash": "sha256-hY8g6H2KFL8ownSiFeMOjwPC8P0ueXpCVEbxgda3pko=",
        "owner": "edolstra",
        "repo": "flake-compat",
        "rev": "12c64ca55c1014cdc1b16ed5a804aa8576601ff2",
        "type": "github"
      },
      "original": {
        "owner": "edolstra",
        "repo": "flake-compat",
        "type": "github"
      }
    },
    "flake-utils": {
      "locked": {
        "lastModified": 1634851050,
        "narHash": "sha256-N83GlSGPJJdcqhUxSCS/WwW5pksYf3VP1M13cDRTSVA=",
        "owner": "numtide",
        "repo": "flake-utils",
        "rev": "c91f3de5adaf1de973b797ef7485e441a65b8935",
        "type": "github"
      },
      "original": {
        "owner": "numtide",
        "repo": "flake-utils",
        "type": "github"
      }
    },
    "flake-utils_2": {
      "locked": {
        "lastModified": 1631561581,
        "narHash": "sha256-3VQMV5zvxaVLvqqUrNz3iJelLw30mIVSfZmAaauM3dA=",
        "owner": "numtide",
        "repo": "flake-utils",
        "rev": "7e5bf3925f6fbdfaf50a2a7ca0be2879c4261d19",
        "type": "github"
      },
      "original": {
        "owner": "numtide",
        "repo": "flake-utils",
        "type": "github"
      }
    },
    "flake-utils_3": {
      "locked": {
        "lastModified": 1637014545,
        "narHash": "sha256-26IZAc5yzlD9FlDT54io1oqG/bBoyka+FJk5guaX4x4=",
        "owner": "numtide",
        "repo": "flake-utils",
        "rev": "bba5dcc8e0b20ab664967ad83d24d64cb64ec4f4",
        "type": "github"
      },
      "original": {
        "owner": "numtide",
        "repo": "flake-utils",
        "type": "github"
      }
    },
    "flake-utils_4": {
      "locked": {
        "lastModified": 1637014545,
        "narHash": "sha256-26IZAc5yzlD9FlDT54io1oqG/bBoyka+FJk5guaX4x4=",
        "owner": "numtide",
        "repo": "flake-utils",
        "rev": "bba5dcc8e0b20ab664967ad83d24d64cb64ec4f4",
        "type": "github"
      },
      "original": {
        "owner": "numtide",
        "repo": "flake-utils",
        "type": "github"
      }
    },
    "gamescope": {
      "flake": false,
      "locked": {
        "lastModified": 1637452899,
        "narHash": "sha256-h2ROkzJLrVgOJ/otwXOlMFiCJ0MKlBSWHPpAZxM0S64=",
        "owner": "Plagman",
        "repo": "gamescope",
        "rev": "8be45451d96e7b55869b171c25cfc18d420537dd",
        "type": "github"
      },
      "original": {
        "owner": "Plagman",
        "repo": "gamescope",
        "type": "github"
      }
    },
    "gitignore.nix": {
      "flake": false,
      "locked": {
        "lastModified": 1634151530,
        "narHash": "sha256-l1wnu/jSxhj6+MGurKupKkWZh3Om/6FuYc/FdSlkyRI=",
        "owner": "hercules-ci",
        "repo": "gitignore.nix",
        "rev": "9e80c4d83026fa6548bc53b1a6fab8549a6991f6",
        "type": "github"
      },
      "original": {
        "owner": "hercules-ci",
        "repo": "gitignore.nix",
        "type": "github"
      }
    },
    "home-manager": {
      "inputs": {
        "nixpkgs": [
          "nixpkgs"
        ]
      },
      "locked": {
        "lastModified": 1637516270,
        "narHash": "sha256-qTffAQ0kWA2qXMJUVMDsgXVbzMNI0BfR78vB/4QFA+o=",
        "owner": "nix-community",
        "repo": "home-manager",
        "rev": "15ae861e1bfad90e0d14106551544e9e07cbcb10",
        "type": "github"
      },
      "original": {
        "owner": "nix-community",
        "repo": "home-manager",
        "type": "github"
      }
    },
    "instant-workspace-switcher": {
      "flake": false,
      "locked": {
        "lastModified": 1634306247,
        "narHash": "sha256-NA2YRUliPDWSyFFIRMBVrwWopzkcIEDZXirzg1gLm8A=",
        "owner": "amalantony",
        "repo": "gnome-shell-extension-instant-workspace-switcher",
        "rev": "33210eefb4291c7d85ee9c20598041c465132d9f",
        "type": "github"
      },
      "original": {
        "owner": "amalantony",
        "repo": "gnome-shell-extension-instant-workspace-switcher",
        "type": "github"
      }
    },
    "naersk": {
      "inputs": {
        "nixpkgs": [
          "nixpkgs"
        ]
      },
      "locked": {
        "lastModified": 1637576998,
        "narHash": "sha256-bGQ66hh4Dl78T9bd1pqdp6fprHMCkrkeKqED6sDUYqo=",
        "owner": "nmattia",
        "repo": "naersk",
        "rev": "b043f2447a4a761529254f4983cacd94b034a122",
        "type": "github"
      },
      "original": {
        "owner": "nmattia",
        "repo": "naersk",
        "type": "github"
      }
    },
    "nix-dart": {
      "inputs": {
        "flake-utils": "flake-utils_3",
        "nixpkgs": [
          "nixpkgs"
        ],
        "pub2nix": "pub2nix"
      },
      "locked": {
        "lastModified": 1637525387,
        "narHash": "sha256-asC+eprGMxyJHCiFFykZMB+XUu2FbyYy3d2B1HMY09s=",
        "owner": "tadfisher",
        "repo": "nix-dart",
        "rev": "bc0c89ca6070fd8b132e3367b280891bfd64d469",
        "type": "github"
      },
      "original": {
        "owner": "tadfisher",
        "repo": "nix-dart",
        "type": "github"
      }
    },
    "nix-prefetch-github": {
      "inputs": {
        "flake-utils": "flake-utils_4",
        "nixpkgs": [
          "nixpkgs"
        ]
      },
      "locked": {
        "lastModified": 1637329989,
        "narHash": "sha256-h8k6O1AJL1svYW1hIivzIFOGOwmCz5hBPTUszoN0VLk=",
        "owner": "seppeljordan",
        "repo": "nix-prefetch-github",
        "rev": "992fe7a7502d25f7c1dce3a1a8d31d1db19d4d54",
        "type": "github"
      },
      "original": {
        "owner": "seppeljordan",
        "repo": "nix-prefetch-github",
        "type": "github"
      }
    },
    "nixos-hardware": {
      "locked": {
        "lastModified": 1637564544,
        "narHash": "sha256-wwdjkfdQEbFn+Gr1iBiA5DGgl+Q7PASL83Swo/Wqwy0=",
        "owner": "NixOS",
        "repo": "nixos-hardware",
        "rev": "08cda8e3a5a4e685af525e5a589dfeb74267d505",
        "type": "github"
      },
      "original": {
        "owner": "NixOS",
        "repo": "nixos-hardware",
        "type": "github"
      }
    },
    "nixpkgs": {
      "locked": {
        "lastModified": 1634172192,
        "narHash": "sha256-FBF4U/T+bMg4sEyT/zkgasvVquGzgdAf4y8uCosKMmo=",
        "owner": "nixos",
        "repo": "nixpkgs",
        "rev": "2cf9db0e3d45b9d00f16f2836cb1297bcadc475e",
        "type": "github"
      },
      "original": {
        "owner": "nixos",
        "ref": "nixos-unstable",
        "repo": "nixpkgs",
        "type": "github"
      }
    },
    "nixpkgs_2": {
      "locked": {
        "lastModified": 1637155076,
        "narHash": "sha256-26ZPNiuzlsnXpt55Q44+yzXvp385aNAfevzVEKbrU5Q=",
        "owner": "NixOS",
        "repo": "nixpkgs",
        "rev": "715f63411952c86c8f57ab9e3e3cb866a015b5f2",
        "type": "github"
      },
      "original": {
        "owner": "NixOS",
        "ref": "nixos-unstable",
        "repo": "nixpkgs",
        "type": "github"
      }
    },
    "paperwm": {
      "flake": false,
      "locked": {
        "lastModified": 1617616509,
        "narHash": "sha256-gZbS2Xy+CuQfzzZ5IwMahr3VLtyTiLxJTJVawml9sXE=",
        "owner": "paperwm",
        "repo": "PaperWM",
        "rev": "e9f714846b9eac8bdd5b33c3d33f1a9d2fbdecd4",
        "type": "github"
      },
      "original": {
        "owner": "paperwm",
        "ref": "next-release",
        "repo": "PaperWM",
        "type": "github"
      }
    },
    "portmod": {
      "flake": false,
      "locked": {
        "lastModified": 1637168496,
        "narHash": "sha256-mz+6KzLG85NcBQAaxgkh871i2VuTYz5UsD4W3FDQttE=",
        "owner": "portmod",
        "repo": "portmod",
        "rev": "569fbacfdb77f071a15b7a11672d0bb96fdfa424",
        "type": "gitlab"
      },
      "original": {
        "owner": "portmod",
        "repo": "portmod",
        "type": "gitlab"
      }
    },
    "pre-commit-hooks.nix": {
      "flake": false,
      "locked": {
        "lastModified": 1633788342,
        "narHash": "sha256-wx+aRtR5FwbMOV/0N3PSC4au92aXl6tfwHOk4xgYXRQ=",
        "owner": "cachix",
        "repo": "pre-commit-hooks.nix",
        "rev": "475b1f7f7ddcb6415e6624a68c4fe90f55ee9e73",
        "type": "github"
      },
      "original": {
        "owner": "cachix",
        "repo": "pre-commit-hooks.nix",
        "type": "github"
      }
    },
    "pub2nix": {
      "flake": false,
      "locked": {
        "lastModified": 1594192744,
        "narHash": "sha256-pDvcXSG1Mh2BpwkqAcNDJzcupV3pIAAtZJLfkiHMAz4=",
        "owner": "paulyoung",
        "repo": "pub2nix",
        "rev": "0c7ecca590fcd1616db8c6468f799ffef36c85e9",
        "type": "github"
      },
      "original": {
        "owner": "paulyoung",
        "repo": "pub2nix",
        "type": "github"
      }
    },
    "root": {
      "inputs": {
        "android-nixpkgs": "android-nixpkgs",
        "dash-to-panel": "dash-to-panel",
        "emacs-flake": "emacs-flake",
        "emacs-overlay": "emacs-overlay",
        "gamescope": "gamescope",
        "home-manager": "home-manager",
        "instant-workspace-switcher": "instant-workspace-switcher",
        "naersk": "naersk",
        "nix-dart": "nix-dart",
        "nix-prefetch-github": "nix-prefetch-github",
        "nixos-hardware": "nixos-hardware",
        "nixpkgs": "nixpkgs_2",
        "paperwm": "paperwm",
        "portmod": "portmod",
        "rycee": "rycee",
        "vertical-overview": "vertical-overview"
      }
    },
    "rycee": {
      "flake": false,
      "locked": {
        "lastModified": 1637553754,
        "narHash": "sha256-0Zd4Q+e5hth6KfDD5w/f/+4qp4P2d3wOEKk1nFfgU0M=",
        "owner": "rycee",
        "repo": "nur-expressions",
        "rev": "a74665258cd05d78b485a8ea377b86a62222933a",
        "type": "gitlab"
      },
      "original": {
        "owner": "rycee",
        "repo": "nur-expressions",
        "type": "gitlab"
      }
    },
    "vertical-overview": {
      "flake": false,
      "locked": {
        "lastModified": 1633039497,
        "narHash": "sha256-iXPoda3cNqANaYr0NP8Uk6KgoQIacN+WH/fANS4ifwc=",
        "owner": "RensAlthuis",
        "repo": "vertical-overview",
        "rev": "09f27ef9e12d20c805fc93d94e99e367371ac71c",
        "type": "github"
      },
      "original": {
        "owner": "RensAlthuis",
        "repo": "vertical-overview",
        "type": "github"
      }
    },
    "xelb": {
      "flake": false,
      "locked": {
        "lastModified": 1595116800,
        "narHash": "sha256-7Xr5UJyVxU8RatC8fo1x7WUpuY3qf/1izRMEMzR8dIM=",
        "owner": "ch11ng",
        "repo": "xelb",
        "rev": "df102a5773b37cec154e795a17a8513144dde643",
        "type": "github"
      },
      "original": {
        "owner": "ch11ng",
        "repo": "xelb",
        "type": "github"
      }
    }
  },
  "root": "root",
  "version": 7
}
