packages:
  _fe_analyzer_shared:
    dependency: transitive
    description:
      name: _fe_analyzer_shared
      url: https://pub.dartlang.org
    source: hosted
    version: 21.0.0
    sha256: 08ckxfpdqspwhdyl9gp7db0817f085ykrib1njfarf5dg3dgpcv8
  analyzer:
    dependency: direct dev
    description:
      name: analyzer
      url: https://pub.dartlang.org
    source: hosted
    version: 1.5.0
    sha256: 02fwjv5ag31kvxll00rablsx9sk0kfk694gkmwmx3c7hcjbyafh8
  archive:
    dependency: direct dev
    description:
      name: archive
      url: https://pub.dartlang.org
    source: hosted
    version: 3.1.2
    sha256: 1xspwgm3nwvx1mkb1acvm6il89p0d5ndcsf1acnvbm2mj2pc8ff7
  args:
    dependency: direct main
    description:
      name: args
      url: https://pub.dartlang.org
    source: hosted
    version: 2.1.0
    sha256: 1xvg8gkp06hk3rzh7fhiy2z6vxgd1nycm7dbgvr6xkjdxw5cpgng
  async:
    dependency: direct main
    description:
      name: async
      url: https://pub.dartlang.org
    source: hosted
    version: 2.5.0
    sha256: 0ik6bcfpbll04xy51a3rlj3r1b483kyg40m0bi46ha6dkqa62y6g
  boolean_selector:
    dependency: transitive
    description:
      name: boolean_selector
      url: https://pub.dartlang.org
    source: hosted
    version: 2.1.0
    sha256: 1rk7z1pa4yrnbdw5djqykx4w9lzpfdkb40z8zvnqzmr9mbkd60jx
  charcode:
    dependency: direct main
    description:
      name: charcode
      url: https://pub.dartlang.org
    source: hosted
    version: 1.2.0
    sha256: 0qj0rkzffbb77zi24rsd11dglvifwwfigwzxba2b964m4dc63pwm
  checked_yaml:
    dependency: transitive
    description:
      name: checked_yaml
      url: https://pub.dartlang.org
    source: hosted
    version: 2.0.1
    sha256: 1gf7ankc5jb7mk17br87ajv05pfg6vb8nf35ay6c35w8jp70ra7k
  cli_pkg:
    dependency: direct dev
    description:
      name: cli_pkg
      url: https://pub.dartlang.org
    source: hosted
    version: 1.3.0
    sha256: 1jm9rx8jhdkkrvj6c6c6xynaz6iizfjx7ckliaapkk2dbgfj3r9m
  cli_repl:
    dependency: direct main
    description:
      name: cli_repl
      url: https://pub.dartlang.org
    source: hosted
    version: 0.2.2
    sha256: 169dcmlmraf2wpbbr0k8h75zkng4hw5knfjqp86nr5bhwixam60c
  cli_util:
    dependency: transitive
    description:
      name: cli_util
      url: https://pub.dartlang.org
    source: hosted
    version: 0.3.0
    sha256: 0dj4h62lr80r3wwqzscdb7b3dfwx3lp2lmxjlf0d3xi5qkf6kgq5
  collection:
    dependency: direct main
    description:
      name: collection
      url: https://pub.dartlang.org
    source: hosted
    version: 1.15.0
    sha256: 1ff5qakfi33dmd7ccrnj2rqf7id97bhxhdf61026jp4ynkb1gi4v
  convert:
    dependency: transitive
    description:
      name: convert
      url: https://pub.dartlang.org
    source: hosted
    version: 3.0.0
    sha256: 1hzmgyfb88hjd7sdhs6j06nz5czidrvj9j3gi0115254bvb0f915
  coverage:
    dependency: transitive
    description:
      name: coverage
      url: https://pub.dartlang.org
    source: hosted
    version: 1.0.2
    sha256: 0higj26rnnskn0yhh8wkaynh2fm4ljz0rsfbkx6cc9yicqii0nm0
  crypto:
    dependency: direct dev
    description:
      name: crypto
      url: https://pub.dartlang.org
    source: hosted
    version: 3.0.1
    sha256: 1x69az8vqr1dyqvjwj0n6p9vl24ckgjg7dzff54wmdaf9fgafwnz
  dart_style:
    dependency: direct dev
    description:
      name: dart_style
      url: https://pub.dartlang.org
    source: hosted
    version: 2.0.0
    sha256: 1cxcrdpm5qf2llbp1r3bk959acy4wkn8js7k5mq5hw46yyv7243c
  file:
    dependency: transitive
    description:
      name: file
      url: https://pub.dartlang.org
    source: hosted
    version: 6.1.0
    sha256: 1jw7db278xc8sizgyzqfl62rp58hw7j2q15gvg3sajidq7l230q4
  frontend_server_client:
    dependency: transitive
    description:
      name: frontend_server_client
      url: https://pub.dartlang.org
    source: hosted
    version: 2.0.0
    sha256: 161b9qnavh6nd32p0lwlypbn9gjf8vxv4fgrw20jjb0kfmaf9l3v
  glob:
    dependency: transitive
    description:
      name: glob
      url: https://pub.dartlang.org
    source: hosted
    version: 2.0.1
    sha256: 03yq7ic7dbh44218i5i60cnpb5zjgsnw4hzqxhny3a7mll40niiv
  grinder:
    dependency: direct dev
    description:
      name: grinder
      url: https://pub.dartlang.org
    source: hosted
    version: 0.9.0
    sha256: 0k55b0hp2qifx6wbsa0zk8gpwviix2ngzgmjv1mc7ph2ibgrc8fl
  http:
    dependency: transitive
    description:
      name: http
      url: https://pub.dartlang.org
    source: hosted
    version: 0.13.1
    sha256: 05mvbkp8pdx5anjl0xkcg7jpxbp6b3xq2kn6pf12vm0g9ri77zw5
  http_multi_server:
    dependency: transitive
    description:
      name: http_multi_server
      url: https://pub.dartlang.org
    source: hosted
    version: 3.0.1
    sha256: 1fv85z1ins736kn5y0if7nkh39dkk18q4cm3dja3rnkwyfyvv6p5
  http_parser:
    dependency: transitive
    description:
      name: http_parser
      url: https://pub.dartlang.org
    source: hosted
    version: 4.0.0
    sha256: 02l0swfxddpdv5ixbsslgmg7a84r0ggyr2bzai9vc0vpkw70mdki
  io:
    dependency: transitive
    description:
      name: io
      url: https://pub.dartlang.org
    source: hosted
    version: 1.0.0
    sha256: 1lf97l1kplc7a02k27ydy4yjm1xggq240s0v5lzn001rrxnscvv3
  js:
    dependency: direct main
    description:
      name: js
      url: https://pub.dartlang.org
    source: hosted
    version: 0.6.3
    sha256: 163l4d8ayfikfmzf10qs0fckp2rbpv2r6q903sp1r88klrrqv83b
  json_annotation:
    dependency: transitive
    description:
      name: json_annotation
      url: https://pub.dartlang.org
    source: hosted
    version: 4.0.1
    sha256: 0whqicabqwlz0sp2qzvps5674zz7qp0606m21gir75q9gfi1nhmq
  logging:
    dependency: transitive
    description:
      name: logging
      url: https://pub.dartlang.org
    source: hosted
    version: 1.0.1
    sha256: 1jqh1fphbscmf18xwi0zshcy6f3d3lry1wls2wg685ay53dvvp06
  matcher:
    dependency: transitive
    description:
      name: matcher
      url: https://pub.dartlang.org
    source: hosted
    version: 0.12.10
    sha256: 1vlarbza5hkzkn32c5h8jny4v0rjbgi095w37livqdvrp9nhwc99
  meta:
    dependency: direct main
    description:
      name: meta
      url: https://pub.dartlang.org
    source: hosted
    version: 1.3.0
    sha256: 0k6rwzdbf8l7algm0cmil1jj2gp8q6limkh6vbzpyk34k2qdyf3v
  mime:
    dependency: transitive
    description:
      name: mime
      url: https://pub.dartlang.org
    source: hosted
    version: 1.0.0
    sha256: 08yrflp4z4mmqjq7y6jzl5i8gfrgzzjs0q9pnkn3hghv30xi9b92
  node_interop:
    dependency: direct main
    description:
      name: node_interop
      url: https://pub.dartlang.org
    source: hosted
    version: 2.0.1
    sha256: 0m98yhfwmd4mrq601m6a8wv7bncm93msn120clhcmaan4vn6560w
  node_preamble:
    dependency: direct dev
    description:
      name: node_preamble
      url: https://pub.dartlang.org
    source: hosted
    version: 2.0.0
    sha256: 1xabqyz5jnvdhyxb1dibc9spx4pg5qsg7awg6vvz1snwhwccb6b4
  package_config:
    dependency: direct main
    description:
      name: package_config
      url: https://pub.dartlang.org
    source: hosted
    version: 2.0.0
    sha256: 1j87mz0kif1bdsxg42dzfhbm3f5yj10nmf1s6bji3lnx6gckvykw
  path:
    dependency: direct main
    description:
      name: path
      url: https://pub.dartlang.org
    source: hosted
    version: 1.8.0
    sha256: 0hl7jv712paww2r8z3f0cbxdfzhpashpxxkdx3pmv2gdlb8m3596
  pedantic:
    dependency: direct dev
    description:
      name: pedantic
      url: https://pub.dartlang.org
    source: hosted
    version: 1.11.0
    sha256: 0dnj0c92bgwnw0v9kask6sscncphjmm5s9p7c959vvqqb0c2qhqv
  petitparser:
    dependency: transitive
    description:
      name: petitparser
      url: https://pub.dartlang.org
    source: hosted
    version: 4.1.0
    sha256: 0yzksc6c0zc776s36117ll757hvi6hg3ywq2n5i8av3vvj7lllvh
  pool:
    dependency: transitive
    description:
      name: pool
      url: https://pub.dartlang.org
    source: hosted
    version: 1.5.0
    sha256: 0bm64dnnbazybg64bidj6l9n79i7nn69i1spqmaaa6xyrxps9fqj
  pub_semver:
    dependency: direct dev
    description:
      name: pub_semver
      url: https://pub.dartlang.org
    source: hosted
    version: 2.0.0
    sha256: 14xi7s4ygnzawhv2q0177hc7zwz0wg7llzsdbfhkkagbrprlkskz
  pubspec_parse:
    dependency: transitive
    description:
      name: pubspec_parse
      url: https://pub.dartlang.org
    source: hosted
    version: 1.0.0
    sha256: 132g7yihhvkiyk6g7mqpqhng1p3al4v3ys58bppnmc226fjjvgfr
  quiver:
    dependency: transitive
    description:
      name: quiver
      url: https://pub.dartlang.org
    source: hosted
    version: 3.0.1
    sha256: 0c0g61zsxxmw7nj5ri3jhfhby7p9rz5x9m58gm5pmx9ckijap0lf
  shelf:
    dependency: transitive
    description:
      name: shelf
      url: https://pub.dartlang.org
    source: hosted
    version: 1.1.1
    sha256: 1gbnvn8xvqj0ykfi9p5v5n59drzlzkzvf5dfcrg5hlbl64y149al
  shelf_packages_handler:
    dependency: transitive
    description:
      name: shelf_packages_handler
      url: https://pub.dartlang.org
    source: hosted
    version: 3.0.0
    sha256: 0b727idmsyvwx0idhmsl1sy1qq9j0vs5bbp433md2z62vjj345cg
  shelf_static:
    dependency: transitive
    description:
      name: shelf_static
      url: https://pub.dartlang.org
    source: hosted
    version: 1.0.0
    sha256: 0a46vv7msq9pz0wpqg4aa3q9pf2cck0zm0d85l1mjkzjzivcgx6v
  shelf_web_socket:
    dependency: transitive
    description:
      name: shelf_web_socket
      url: https://pub.dartlang.org
    source: hosted
    version: 1.0.1
    sha256: 0m6w0z8h6xcy215qsrz7dy00fa3bbcx4lazgi1rm951yagfighkm
  source_map_stack_trace:
    dependency: transitive
    description:
      name: source_map_stack_trace
      url: https://pub.dartlang.org
    source: hosted
    version: 2.1.0
    sha256: 0ixx1w93qy2lp06d5l51j8xvahb0zaym567xp7zwka410frdc55l
  source_maps:
    dependency: direct main
    description:
      name: source_maps
      url: https://pub.dartlang.org
    source: hosted
    version: 0.10.10
    sha256: 1dxzkx7dc8f0y3nzgjyjsd5mm2mx1g1ilbdhz0h8i073i7vn321a
  source_span:
    dependency: direct main
    description:
      name: source_span
      url: https://pub.dartlang.org
    source: hosted
    version: 1.8.1
    sha256: 17zqqpazwm21hawkcz4jfhnr207qrgbyj95mmr4fckgm19za78lr
  stack_trace:
    dependency: direct main
    description:
      name: stack_trace
      url: https://pub.dartlang.org
    source: hosted
    version: 1.10.0
    sha256: 01lyk22h1zxr3a39wmai9lvxykia0y8g7lc2kcpnjypxhf4g0sbl
  stream_channel:
    dependency: direct dev
    description:
      name: stream_channel
      url: https://pub.dartlang.org
    source: hosted
    version: 2.1.0
    sha256: 0591c3bpjipx4jlzxwsyspmgpjryh6psl1ks38jkcxp3pffkybsv
  stream_transform:
    dependency: direct main
    description:
      name: stream_transform
      url: https://pub.dartlang.org
    source: hosted
    version: 2.0.0
    sha256: 0fsy22i19fb60z5sx7imdk0f3993ydzbabknnb8j25w2dpp8lfz3
  string_scanner:
    dependency: direct main
    description:
      name: string_scanner
      url: https://pub.dartlang.org
    source: hosted
    version: 1.1.0
    sha256: 14zygj9v3hq1ykpksknghnaa6gxp501kca4576vlybrvahj3d129
  term_glyph:
    dependency: direct main
    description:
      name: term_glyph
      url: https://pub.dartlang.org
    source: hosted
    version: 1.2.0
    sha256: 10i2vjhjrqssvj1j7jy7f8iijiq46bjib40rd9lb5f15kixly3q4
  test:
    dependency: direct dev
    description:
      name: test
      url: https://pub.dartlang.org
    source: hosted
    version: 1.17.1
    sha256: 12nnhvb6br3i6nbfyh143059yg6y4r5b9n9lzqgv0k18h0fp17w9
  test_api:
    dependency: transitive
    description:
      name: test_api
      url: https://pub.dartlang.org
    source: hosted
    version: 0.4.0
    sha256: 0mmlyi3qnlbj66zkr7pj50pksfm5y2d2s1nqd9qq17yqy8yyn4kg
  test_core:
    dependency: transitive
    description:
      name: test_core
      url: https://pub.dartlang.org
    source: hosted
    version: 0.3.21
    sha256: 1nsfbnavhvacb0hj71wy0szk7j4w2xadi0kdlri46a4g2kbysra0
  test_descriptor:
    dependency: direct dev
    description:
      name: test_descriptor
      url: https://pub.dartlang.org
    source: hosted
    version: 2.0.0
    sha256: 0dbk71nk7791r53f60hlmv8vk81yalw8akmndxyam9fyrxhmi0lc
  test_process:
    dependency: direct dev
    description:
      name: test_process
      url: https://pub.dartlang.org
    source: hosted
    version: 2.0.0
    sha256: 1y4q101744phkvcszb87i8pvcwbd9w3rsv3p6j7vg7krmlwxnhxr
  tuple:
    dependency: direct main
    description:
      name: tuple
      url: https://pub.dartlang.org
    source: hosted
    version: 2.0.0
    sha256: 10901d6p2jqbwwq4dxz34zbvzck9pda4q7k5c22wk5wab54a9h6x
  typed_data:
    dependency: transitive
    description:
      name: typed_data
      url: https://pub.dartlang.org
    source: hosted
    version: 1.3.0
    sha256: 03qnxdi3dgxvkdfg3s7m4dnsrgrz9r657wzqxia0j3nslz3rgn5f
  vm_service:
    dependency: transitive
    description:
      name: vm_service
      url: https://pub.dartlang.org
    source: hosted
    version: 6.2.0
    sha256: 0jlzmnimi6grs0wq8055zx0p0j1c63dlc9m4brz5f6lzqj41f6v1
  watcher:
    dependency: direct main
    description:
      name: watcher
      url: https://pub.dartlang.org
    source: hosted
    version: 1.0.0
    sha256: 16p61m6qw4gih8029hm0227f3fd4z1m30vzsqaw2z4j6ga010qlb
  web_socket_channel:
    dependency: transitive
    description:
      name: web_socket_channel
      url: https://pub.dartlang.org
    source: hosted
    version: 2.0.0
    sha256: 183sb3n03s6fh8a7s13yvl09yvyj0lgdyzfrsqqjcy8mpjah8yih
  webkit_inspection_protocol:
    dependency: transitive
    description:
      name: webkit_inspection_protocol
      url: https://pub.dartlang.org
    source: hosted
    version: 1.0.0
    sha256: 0viygj2anr85qd4pgnjwipjfjhkbl3lyrc341isyjcfhsn4xs44p
  xml:
    dependency: transitive
    description:
      name: xml
      url: https://pub.dartlang.org
    source: hosted
    version: 5.1.0
    sha256: 0bsv9s50vawsgl1n4h6z3hdj1xxvgahdqb5j4v8zwh4bm5kibfl7
  yaml:
    dependency: direct dev
    description:
      name: yaml
      url: https://pub.dartlang.org
    source: hosted
    version: 3.1.0
    sha256: 0rgjalj0fkrkzs5wv5dxsn2ny6fxkas9x9z6hrazc1411fra7127
sdks:
  dart: '>=2.12.0 <2.14.0'
