packages:
  _fe_analyzer_shared:
    dependency: transitive
    description:
      name: _fe_analyzer_shared
      url: https://pub.dartlang.org
    source: hosted
    version: 12.0.0
    sha256: 03faqw8yjjsrrni0i5jbwa8g8fsmprfz3bz0h4l89yx4c841810m
  analyzer:
    dependency: direct dev
    description:
      name: analyzer
      url: https://pub.dartlang.org
    source: hosted
    version: 0.40.6
    sha256: 1fvlyjsh5mhhfkz8n3v64h7ch0jpbabh6is5gmpyxaxlzvkq8g95
  archive:
    dependency: direct dev
    description:
      name: archive
      url: https://pub.dartlang.org
    source: hosted
    version: 2.0.13
    sha256: 0xyrs0hji8k748wnl4hpz6bqrsz5pig19wsdxvkk3bds8x7mpph8
  args:
    dependency: direct main
    description:
      name: args
      url: https://pub.dartlang.org
    source: hosted
    version: 1.6.0
    sha256: 0lwms9wysfwk1dbzrgas3qfjmxrz07n2hlzvyb21dr5scjmvm8sx
  async:
    dependency: direct main
    description:
      name: async
      url: https://pub.dartlang.org
    source: hosted
    version: 2.5.0
    sha256: 0ik6bcfpbll04xy51a3rlj3r1b483kyg40m0bi46ha6dkqa62y6g
  boolean_selector:
    dependency: transitive
    description:
      name: boolean_selector
      url: https://pub.dartlang.org
    source: hosted
    version: 2.1.0
    sha256: 1rk7z1pa4yrnbdw5djqykx4w9lzpfdkb40z8zvnqzmr9mbkd60jx
  charcode:
    dependency: direct main
    description:
      name: charcode
      url: https://pub.dartlang.org
    source: hosted
    version: 1.2.0
    sha256: 0qj0rkzffbb77zi24rsd11dglvifwwfigwzxba2b964m4dc63pwm
  checked_yaml:
    dependency: transitive
    description:
      name: checked_yaml
      url: https://pub.dartlang.org
    source: hosted
    version: 1.0.4
    sha256: 115q7da8vxk6skbrs5pz6k0vlr1z2wchpzkj4vjy6f54yfkjn09w
  cli_pkg:
    dependency: direct dev
    description:
      name: cli_pkg
      url: https://pub.dartlang.org
    source: hosted
    version: 1.2.0
    sha256: 0g7s5njkm3p01dbak6v0v63p1k5bwiwsjn8m17z38g1psn9ihakj
  cli_repl:
    dependency: direct main
    description:
      name: cli_repl
      url: https://pub.dartlang.org
    source: hosted
    version: 0.2.0+1
    sha256: 12qp7vb4g9y4hld4c55zwzcfn9578x53g4yrk1p493203x2clai2
  cli_util:
    dependency: transitive
    description:
      name: cli_util
      url: https://pub.dartlang.org
    source: hosted
    version: 0.2.0
    sha256: 1x27s90c1wpk7210p9b865dinrvi1myb8587657vc5z1mygmfg4c
  clock:
    dependency: transitive
    description:
      name: clock
      url: https://pub.dartlang.org
    source: hosted
    version: 1.1.0
    sha256: 0m7cwaj0z2ip8mkbhf4d0nnk0mn06lxg4nc428kdp1rs5f86701k
  collection:
    dependency: direct main
    description:
      name: collection
      url: https://pub.dartlang.org
    source: hosted
    version: 1.15.0
    sha256: 1ff5qakfi33dmd7ccrnj2rqf7id97bhxhdf61026jp4ynkb1gi4v
  convert:
    dependency: transitive
    description:
      name: convert
      url: https://pub.dartlang.org
    source: hosted
    version: 2.1.1
    sha256: 12dlaclnrmwpqvr0y9p49g01jp4l938zrfkd5p0fzj9kgiri9vrc
  coverage:
    dependency: transitive
    description:
      name: coverage
      url: https://pub.dartlang.org
    source: hosted
    version: 0.15.2
    sha256: 117vx5qra77dls864p7w6dvrgldhmmn36i104xdvscppy6w3cjcw
  crypto:
    dependency: direct dev
    description:
      name: crypto
      url: https://pub.dartlang.org
    source: hosted
    version: 2.1.5
    sha256: 0bdys8ygb7lh294ms30v6wdz00zhd1z4h697w0hm9ipd0q64m7m1
  dart_style:
    dependency: direct dev
    description:
      name: dart_style
      url: https://pub.dartlang.org
    source: hosted
    version: 1.3.10
    sha256: 13ihhmpx30vh8h91b3457z7aq1c6yzwias1q0isdbkxxqqq4pjf1
  file:
    dependency: transitive
    description:
      name: file
      url: https://pub.dartlang.org
    source: hosted
    version: 5.2.1
    sha256: 18i9h6wr3n9jqzyjdfxy0mm28xivl6zf0hml5bpnzp6jncka5c9s
  glob:
    dependency: transitive
    description:
      name: glob
      url: https://pub.dartlang.org
    source: hosted
    version: 1.2.0
    sha256: 0rcynmx89j41zb92rhdwfgfcm6ap9mphhcw0cxr7zydayqx86lm0
  grinder:
    dependency: direct dev
    description:
      name: grinder
      url: https://pub.dartlang.org
    source: hosted
    version: 0.8.6
    sha256: 0qb9vmz3a7yb92hyax116jwfx0yd6qqvjhlzsncqwh16j40jyxn4
  http:
    dependency: transitive
    description:
      name: http
      url: https://pub.dartlang.org
    source: hosted
    version: 0.12.2
    sha256: 1dvzi1641v4a28j97yzh403rp6if8hmflai2qdqn5d2pmn2pq8ws
  http_multi_server:
    dependency: transitive
    description:
      name: http_multi_server
      url: https://pub.dartlang.org
    source: hosted
    version: 3.0.0
    sha256: 08l05k7szpjjj0pns7m2k4hh2bs9n157706991aqx6wcwqc13rcy
  http_parser:
    dependency: transitive
    description:
      name: http_parser
      url: https://pub.dartlang.org
    source: hosted
    version: 3.1.4
    sha256: 0mfs0nl6hf1g5dy6gjmvf4gcj8aq1ljj7qz875c0wzvs642rbpm1
  intl:
    dependency: transitive
    description:
      name: intl
      url: https://pub.dartlang.org
    source: hosted
    version: 0.17.0
    sha256: 1hn6bi59vqjn49ck3qxzlyvwb2vy0g5wb0ax57xpbliwrl5zrhb9
  io:
    dependency: transitive
    description:
      name: io
      url: https://pub.dartlang.org
    source: hosted
    version: 1.0.0
    sha256: 1lf97l1kplc7a02k27ydy4yjm1xggq240s0v5lzn001rrxnscvv3
  js:
    dependency: direct main
    description:
      name: js
      url: https://pub.dartlang.org
    source: hosted
    version: 0.6.3
    sha256: 163l4d8ayfikfmzf10qs0fckp2rbpv2r6q903sp1r88klrrqv83b
  json_annotation:
    dependency: transitive
    description:
      name: json_annotation
      url: https://pub.dartlang.org
    source: hosted
    version: 4.0.0
    sha256: 0qlp0yhy9hmdln2qj7wchsqcdciy7ivz7s83cq3czx8wlbxwwadq
  logging:
    dependency: transitive
    description:
      name: logging
      url: https://pub.dartlang.org
    source: hosted
    version: 1.0.0
    sha256: 0rbagjbil8d1mrqgfanm29jbamrg0xqpa0hmdhl0mwwfyj9nmqxw
  matcher:
    dependency: transitive
    description:
      name: matcher
      url: https://pub.dartlang.org
    source: hosted
    version: 0.12.10
    sha256: 1vlarbza5hkzkn32c5h8jny4v0rjbgi095w37livqdvrp9nhwc99
  meta:
    dependency: direct main
    description:
      name: meta
      url: https://pub.dartlang.org
    source: hosted
    version: 1.3.0
    sha256: 0k6rwzdbf8l7algm0cmil1jj2gp8q6limkh6vbzpyk34k2qdyf3v
  mime:
    dependency: transitive
    description:
      name: mime
      url: https://pub.dartlang.org
    source: hosted
    version: 1.0.0
    sha256: 08yrflp4z4mmqjq7y6jzl5i8gfrgzzjs0q9pnkn3hghv30xi9b92
  mustache:
    dependency: transitive
    description:
      name: mustache
      url: https://pub.dartlang.org
    source: hosted
    version: 1.1.1
    sha256: 0hkln0ngirm9izq6qjkd2j22zdy1sffkkz4x98x0wvakz816a8ym
  node_interop:
    dependency: direct main
    description:
      name: node_interop
      url: https://pub.dartlang.org
    source: hosted
    version: 1.2.1
    sha256: 1vk2sr29yi4xnrqkfi71pihdgcbg5dnqqwlxxj9nx23h43x0z216
  node_io:
    dependency: transitive
    description:
      name: node_io
      url: https://pub.dartlang.org
    source: hosted
    version: 1.2.0
    sha256: 008gj297lk8yn1nlmzavl1n1h4vx9bn5rs576ivhr8sa3plzb406
  node_preamble:
    dependency: direct dev
    description:
      name: node_preamble
      url: https://pub.dartlang.org
    source: hosted
    version: 1.4.13
    sha256: 0byw16yi631hj1wpgfa6w45734f28pqgdbg8yv67bfqbw8ipjdsl
  package_config:
    dependency: transitive
    description:
      name: package_config
      url: https://pub.dartlang.org
    source: hosted
    version: 1.9.3
    sha256: 0hwdl40xxfp88md7433acsd23r9300spsi0smqlfc9vpd7ki5nqx
  package_resolver:
    dependency: direct main
    description:
      name: package_resolver
      url: https://pub.dartlang.org
    source: hosted
    version: 1.0.10
    sha256: 0c9i93wvw7g9zbs0d3v52rbywr52in89gpqpznp1zjkv8xx7d3s9
  path:
    dependency: direct main
    description:
      name: path
      url: https://pub.dartlang.org
    source: hosted
    version: 1.8.0
    sha256: 0hl7jv712paww2r8z3f0cbxdfzhpashpxxkdx3pmv2gdlb8m3596
  pedantic:
    dependency: direct dev
    description:
      name: pedantic
      url: https://pub.dartlang.org
    source: hosted
    version: 1.11.0
    sha256: 0dnj0c92bgwnw0v9kask6sscncphjmm5s9p7c959vvqqb0c2qhqv
  petitparser:
    dependency: transitive
    description:
      name: petitparser
      url: https://pub.dartlang.org
    source: hosted
    version: 3.1.0
    sha256: 0v40d90h33293qsl9rhm2p0cs61h7d61lsrzprhjcf6g4xn9aaxz
  pool:
    dependency: transitive
    description:
      name: pool
      url: https://pub.dartlang.org
    source: hosted
    version: 1.5.0
    sha256: 0bm64dnnbazybg64bidj6l9n79i7nn69i1spqmaaa6xyrxps9fqj
  pub_semver:
    dependency: direct dev
    description:
      name: pub_semver
      url: https://pub.dartlang.org
    source: hosted
    version: 1.4.4
    sha256: 1yg9fl7ynnrp8c8iax070zx6dyakj8fbghzrxmx4rnblak63ijsj
  pubspec_parse:
    dependency: transitive
    description:
      name: pubspec_parse
      url: https://pub.dartlang.org
    source: hosted
    version: 0.1.8
    sha256: 0az5ivwz7fkzf9cl3kvzlzkaglphhn7pkznccmqy6b5wpdb4sslq
  quiver:
    dependency: transitive
    description:
      name: quiver
      url: https://pub.dartlang.org
    source: hosted
    version: 2.1.5
    sha256: 0bzy1055zndg7s9bwrpn5h509hlmbcilm77307n5x2qxcygy1rnj
  shelf:
    dependency: transitive
    description:
      name: shelf
      url: https://pub.dartlang.org
    source: hosted
    version: 0.7.9
    sha256: 1krqn53pkid8rmg1j9w6nyrky4g6hl5hzahi6fmivgdys3gap7yk
  shelf_packages_handler:
    dependency: transitive
    description:
      name: shelf_packages_handler
      url: https://pub.dartlang.org
    source: hosted
    version: 2.0.1
    sha256: 1kmxmzghxapicdghyk12fgsknp3gz2x8f31dj5af773qwrdsqlfx
  shelf_static:
    dependency: transitive
    description:
      name: shelf_static
      url: https://pub.dartlang.org
    source: hosted
    version: 0.2.9+2
    sha256: 0mzsxkprcpp11wz53y86535dyqmq0cwnwanpjynr8i5nvhw728dg
  shelf_web_socket:
    dependency: transitive
    description:
      name: shelf_web_socket
      url: https://pub.dartlang.org
    source: hosted
    version: 0.2.4+1
    sha256: 1n8y56r8n25ihc1fg5imrcr50p52x5lc59yri7lrx6anl02sda0r
  source_map_stack_trace:
    dependency: transitive
    description:
      name: source_map_stack_trace
      url: https://pub.dartlang.org
    source: hosted
    version: 2.1.0
    sha256: 0ixx1w93qy2lp06d5l51j8xvahb0zaym567xp7zwka410frdc55l
  source_maps:
    dependency: direct main
    description:
      name: source_maps
      url: https://pub.dartlang.org
    source: hosted
    version: 0.10.10
    sha256: 1dxzkx7dc8f0y3nzgjyjsd5mm2mx1g1ilbdhz0h8i073i7vn321a
  source_span:
    dependency: direct main
    description:
      name: source_span
      url: https://pub.dartlang.org
    source: hosted
    version: 1.8.1
    sha256: 17zqqpazwm21hawkcz4jfhnr207qrgbyj95mmr4fckgm19za78lr
  stack_trace:
    dependency: direct main
    description:
      name: stack_trace
      url: https://pub.dartlang.org
    source: hosted
    version: 1.10.0
    sha256: 01lyk22h1zxr3a39wmai9lvxykia0y8g7lc2kcpnjypxhf4g0sbl
  stream_channel:
    dependency: direct dev
    description:
      name: stream_channel
      url: https://pub.dartlang.org
    source: hosted
    version: 2.1.0
    sha256: 0591c3bpjipx4jlzxwsyspmgpjryh6psl1ks38jkcxp3pffkybsv
  stream_transform:
    dependency: direct main
    description:
      name: stream_transform
      url: https://pub.dartlang.org
    source: hosted
    version: 2.0.0
    sha256: 0fsy22i19fb60z5sx7imdk0f3993ydzbabknnb8j25w2dpp8lfz3
  string_scanner:
    dependency: direct main
    description:
      name: string_scanner
      url: https://pub.dartlang.org
    source: hosted
    version: 1.1.0
    sha256: 14zygj9v3hq1ykpksknghnaa6gxp501kca4576vlybrvahj3d129
  term_glyph:
    dependency: direct main
    description:
      name: term_glyph
      url: https://pub.dartlang.org
    source: hosted
    version: 1.2.0
    sha256: 10i2vjhjrqssvj1j7jy7f8iijiq46bjib40rd9lb5f15kixly3q4
  test:
    dependency: direct dev
    description:
      name: test
      url: https://pub.dartlang.org
    source: hosted
    version: 1.16.5
    sha256: 0hm0i0vqw59csxjpq8bhg9j755dyvha68y615dmrjnwffhf5f1z4
  test_api:
    dependency: transitive
    description:
      name: test_api
      url: https://pub.dartlang.org
    source: hosted
    version: 0.2.19
    sha256: 0kcrnsxd1sbd3py4dpf52v5ijbf4aqh6cs926x3p5qybic7zvnah
  test_core:
    dependency: transitive
    description:
      name: test_core
      url: https://pub.dartlang.org
    source: hosted
    version: 0.3.15
    sha256: 1ldf1wss5m89pl6x9z4gw74vkm5ld7fsg15lmfyajbyv8ak2l2xq
  test_descriptor:
    dependency: direct dev
    description:
      name: test_descriptor
      url: https://pub.dartlang.org
    source: hosted
    version: 1.2.0
    sha256: 0calahh3wivsplxc4rmnp3gb2s2dg1w0r2sh6lirapwpkiq6r41p
  test_process:
    dependency: direct dev
    description:
      name: test_process
      url: https://pub.dartlang.org
    source: hosted
    version: 1.0.5
    sha256: 0sg14iajx4g5ilschasa1vbpyp9qw7d21ksxqfrybp3n3xpyqlv9
  tuple:
    dependency: direct main
    description:
      name: tuple
      url: https://pub.dartlang.org
    source: hosted
    version: 1.0.3
    sha256: 0s8pg7s0jc893mp0x5damjvy71c0ddvsxbiksc7xpwd6sixr58hc
  typed_data:
    dependency: transitive
    description:
      name: typed_data
      url: https://pub.dartlang.org
    source: hosted
    version: 1.3.0
    sha256: 03qnxdi3dgxvkdfg3s7m4dnsrgrz9r657wzqxia0j3nslz3rgn5f
  vm_service:
    dependency: transitive
    description:
      name: vm_service
      url: https://pub.dartlang.org
    source: hosted
    version: 6.1.0+1
    sha256: 0x9ifvqavmqkdx7f3z6j3v0zpnv4ybh80wck2ky3r4nhw591y3n9
  watcher:
    dependency: direct main
    description:
      name: watcher
      url: https://pub.dartlang.org
    source: hosted
    version: 0.9.7+15
    sha256: 1q7md8nw79sjw5s824agvzyj3xs8hr1rrpm5h8jfzn55zlwy8jbg
  web_socket_channel:
    dependency: transitive
    description:
      name: web_socket_channel
      url: https://pub.dartlang.org
    source: hosted
    version: 1.2.0
    sha256: 1pwb49l52ik2q31yd9b70qjbx9yrrn85g09p8i1xch7v4hbnvasj
  webkit_inspection_protocol:
    dependency: transitive
    description:
      name: webkit_inspection_protocol
      url: https://pub.dartlang.org
    source: hosted
    version: 1.0.0
    sha256: 0viygj2anr85qd4pgnjwipjfjhkbl3lyrc341isyjcfhsn4xs44p
  xml:
    dependency: transitive
    description:
      name: xml
      url: https://pub.dartlang.org
    source: hosted
    version: 4.5.1
    sha256: 1gmw2j6ps20nfqmr9kx4yb20zl79z8clnz07k8sv37v4w50l5b4a
  yaml:
    dependency: direct dev
    description:
      name: yaml
      url: https://pub.dartlang.org
    source: hosted
    version: 2.2.1
    sha256: 0maqm03fdqkvhc129pz9mp15vkyzwwsxf15hbps7l7yjsyasxlp6
sdks:
  dart: '>=2.12.0-0.0 <3.0.0'
